<?xml version="1.0" encoding="utf-8"?>
<Project ToolsVersion="15.0" xmlns="http://schemas.microsoft.com/developer/msbuild/2003">
  <ItemGroup>
    <ClCompile Include="C:\Users\bfmal\Desktop\darknet-master\src\yolo_console_dll.cpp">
      <Filter>Source Files</Filter>
    </ClCompile>
  </ItemGroup>
  <ItemGroup>
    <CustomBuild Include="C:\Users\bfmal\Desktop\darknet-master\CMakeLists.txt" />
  </ItemGroup>
  <ItemGroup>
    <Filter Include="Source Files">
      <UniqueIdentifier>{B468640A-AC1B-3188-B18B-1334690B26DA}</UniqueIdentifier>
    </Filter>
  </ItemGroup>
</Project>
