<?xml version="1.0" encoding="utf-8"?>
<Project ToolsVersion="15.0" xmlns="http://schemas.microsoft.com/developer/msbuild/2003">
  <ItemGroup>
    <CustomBuild Include="C:\Users\bfmal\Desktop\darknet-master\newbuild\CMakeFiles\49c904768187f9485c556f5d5baf70be\generate.stamp.rule">
      <Filter>CMake Rules</Filter>
    </CustomBuild>
  </ItemGroup>
  <ItemGroup>
    <Filter Include="CMake Rules">
      <UniqueIdentifier>{C6841C08-21A1-35F6-B921-F6F64D07466F}</UniqueIdentifier>
    </Filter>
  </ItemGroup>
</Project>
